
Microsoft Visual Studio Solution File, Format Version 12.00
# Visual Studio Version 16
VisualStudioVersion = 16.0.31105.61
MinimumVisualStudioVersion = 10.0.40219.1
Project("{FAE04EC0-301F-11D3-BF4B-00C04F79EFBC}") = "Macowins", "Macowins\Macowins.csproj", "{E24B4A45-DADA-4992-B5B3-7A5679A6C384}"
EndProject
Project("{FAE04EC0-301F-11D3-BF4B-00C04F79EFBC}") = "Macowins.Test", "Macowins.Test\Macowins.Test.csproj", "{DEC525BE-27F7-45A9-A606-3968FA31E290}"
EndProject
Global
	GlobalSection(SolutionConfigurationPlatforms) = preSolution
		Debug|Any CPU = Debug|Any CPU
		Release|Any CPU = Release|Any CPU
	EndGlobalSection
	GlobalSection(ProjectConfigurationPlatforms) = postSolution
		{E24B4A45-DADA-4992-B5B3-7A5679A6C384}.Debug|Any CPU.ActiveCfg = Debug|Any CPU
		{E24B4A45-DADA-4992-B5B3-7A5679A6C384}.Debug|Any CPU.Build.0 = Debug|Any CPU
		{E24B4A45-DADA-4992-B5B3-7A5679A6C384}.Release|Any CPU.ActiveCfg = Release|Any CPU
		{E24B4A45-DADA-4992-B5B3-7A5679A6C384}.Release|Any CPU.Build.0 = Release|Any CPU
		{DEC525BE-27F7-45A9-A606-3968FA31E290}.Debug|Any CPU.ActiveCfg = Debug|Any CPU
		{DEC525BE-27F7-45A9-A606-3968FA31E290}.Debug|Any CPU.Build.0 = Debug|Any CPU
		{DEC525BE-27F7-45A9-A606-3968FA31E290}.Release|Any CPU.ActiveCfg = Release|Any CPU
		{DEC525BE-27F7-45A9-A606-3968FA31E290}.Release|Any CPU.Build.0 = Release|Any CPU
	EndGlobalSection
	GlobalSection(SolutionProperties) = preSolution
		HideSolutionNode = FALSE
	EndGlobalSection
	GlobalSection(ExtensibilityGlobals) = postSolution
		SolutionGuid = {A25069A3-62B1-4B2A-BC29-3AADB523DFF5}
	EndGlobalSection
EndGlobal
